{
  "name": "spaceapp2022",
  "version": "1.0.0",
  "lockfileVersion": 2,
  "requires": true,
  "packages": {
    "": {
      "name": "spaceapp2022",
      "version": "1.0.0",
      "license": "ISC",
      "dependencies": {
        "dotenv": "^16.0.3",
        "kaboom": "^2000.2.9"
      }
    },
    "node_modules/dotenv": {
      "version": "16.0.3",
      "resolved": "https://registry.npmjs.org/dotenv/-/dotenv-16.0.3.tgz",
      "integrity": "sha512-7GO6HghkA5fYG9TYnNxi14/7K9f5occMlp3zXAuSxn7CKCxt9xbNWG7yF8hTCSUchlfWSe3uLmlPfigevRItzQ==",
      "engines": {
        "node": ">=12"
      }
    },
    "node_modules/kaboom": {
      "version": "2000.2.9",
      "resolved": "https://registry.npmjs.org/kaboom/-/kaboom-2000.2.9.tgz",
      "integrity": "sha512-LenwxK87NHnjBgfjpu+vQfMCSUEg2FnhBTPsqnYyJhc/iGIL1ZMoQEumtU/nIEPz1rP0M3Xdh4OAmotYRi1F6g=="
    }
  },
  "dependencies": {
    "dotenv": {
      "version": "16.0.3",
      "resolved": "https://registry.npmjs.org/dotenv/-/dotenv-16.0.3.tgz",
      "integrity": "sha512-7GO6HghkA5fYG9TYnNxi14/7K9f5occMlp3zXAuSxn7CKCxt9xbNWG7yF8hTCSUchlfWSe3uLmlPfigevRItzQ=="
    },
    "kaboom": {
      "version": "2000.2.9",
      "resolved": "https://registry.npmjs.org/kaboom/-/kaboom-2000.2.9.tgz",
      "integrity": "sha512-LenwxK87NHnjBgfjpu+vQfMCSUEg2FnhBTPsqnYyJhc/iGIL1ZMoQEumtU/nIEPz1rP0M3Xdh4OAmotYRi1F6g=="
    }
  }
}
